<?xml version="1.0" encoding="UTF-8"?>
<!DOCTYPE plist PUBLIC "-//Apple//DTD PLIST 1.0//EN" "http://www.apple.com/DTDs/PropertyList-1.0.dtd">
<plist version="1.0">
<dict>
	<key>archiveVersion</key>
	<string>1</string>
	<key>classes</key>
	<dict/>
	<key>objectVersion</key>
	<string>46</string>
	<key>objects</key>
	<dict>
		<key>0CFECAF9DE754080B858A501</key>
		<dict>
			<key>buildActionMask</key>
			<string>2147483647</string>
			<key>files</key>
			<array/>
			<key>inputPaths</key>
			<array/>
			<key>isa</key>
			<string>PBXShellScriptBuildPhase</string>
			<key>name</key>
			<string>Copy Pods Resources</string>
			<key>outputPaths</key>
			<array/>
			<key>runOnlyForDeploymentPostprocessing</key>
			<string>0</string>
			<key>shellPath</key>
			<string>/bin/sh</string>
			<key>shellScript</key>
			<string>"${SRCROOT}/Pods/Pods-resources.sh"
</string>
			<key>showEnvVarsInLog</key>
			<string>0</string>
		</dict>
		<key>27E4F4F57D1640E6A1D68340</key>
		<dict>
			<key>fileRef</key>
			<string>7CF37704B78E4416BD2AD0DE</string>
			<key>isa</key>
			<string>PBXBuildFile</string>
		</dict>
		<key>750316B2192BDEE60061675E</key>
		<dict>
			<key>children</key>
			<array>
				<string>7503170A192BF3880061675E</string>
				<string>750316C4192BDEE60061675E</string>
				<string>750316E6192BDEE60061675E</string>
				<string>750316BD192BDEE60061675E</string>
				<string>750316BC192BDEE60061675E</string>
				<string>D0620F42D5154FADB0719C45</string>
			</array>
			<key>isa</key>
			<string>PBXGroup</string>
			<key>sourceTree</key>
			<string>&lt;group&gt;</string>
		</dict>
		<key>750316B3192BDEE60061675E</key>
		<dict>
			<key>attributes</key>
			<dict>
				<key>LastUpgradeCheck</key>
				<string>0510</string>
				<key>ORGANIZATIONNAME</key>
				<string>Nuseir Yassin</string>
				<key>TargetAttributes</key>
				<dict>
					<key>750316BA192BDEE60061675E</key>
					<dict>
						<key>DevelopmentTeam</key>
						<string>9UAPSKMLP4</string>
					</dict>
					<key>750316DE192BDEE60061675E</key>
					<dict>
						<key>TestTargetID</key>
						<string>750316BA192BDEE60061675E</string>
					</dict>
				</dict>
			</dict>
			<key>buildConfigurationList</key>
			<string>750316B6192BDEE60061675E</string>
			<key>compatibilityVersion</key>
			<string>Xcode 3.2</string>
			<key>developmentRegion</key>
			<string>English</string>
			<key>hasScannedForEncodings</key>
			<string>0</string>
			<key>isa</key>
			<string>PBXProject</string>
			<key>knownRegions</key>
			<array>
				<string>en</string>
				<string>Base</string>
			</array>
			<key>mainGroup</key>
			<string>750316B2192BDEE60061675E</string>
			<key>productRefGroup</key>
			<string>750316BC192BDEE60061675E</string>
			<key>projectDirPath</key>
			<string></string>
			<key>projectReferences</key>
			<array/>
			<key>projectRoot</key>
			<string></string>
			<key>targets</key>
			<array>
				<string>750316BA192BDEE60061675E</string>
				<string>750316DE192BDEE60061675E</string>
			</array>
		</dict>
		<key>750316B6192BDEE60061675E</key>
		<dict>
			<key>buildConfigurations</key>
			<array>
				<string>750316EE192BDEE60061675E</string>
				<string>750316EF192BDEE60061675E</string>
			</array>
			<key>defaultConfigurationIsVisible</key>
			<string>0</string>
			<key>defaultConfigurationName</key>
			<string>Release</string>
			<key>isa</key>
			<string>XCConfigurationList</string>
		</dict>
		<key>750316B7192BDEE60061675E</key>
		<dict>
			<key>buildActionMask</key>
			<string>2147483647</string>
			<key>files</key>
			<array>
				<string>750316CF192BDEE60061675E</string>
				<string>750316D5192BDEE60061675E</string>
				<string>750316CB192BDEE60061675E</string>
				<string>750316D8192BDEE60061675E</string>
			</array>
			<key>isa</key>
			<string>PBXSourcesBuildPhase</string>
			<key>runOnlyForDeploymentPostprocessing</key>
			<string>0</string>
		</dict>
		<key>750316B8192BDEE60061675E</key>
		<dict>
			<key>buildActionMask</key>
			<string>2147483647</string>
			<key>files</key>
			<array>
				<string>75031709192BDF5A0061675E</string>
				<string>750316C1192BDEE60061675E</string>
				<string>75031707192BDF490061675E</string>
				<string>750316FD192BDF200061675E</string>
				<string>75031705192BDF3D0061675E</string>
				<string>75031703192BDF370061675E</string>
				<string>75031701192BDF310061675E</string>
				<string>750316FF192BDF240061675E</string>
				<string>750316FB192BDF1D0061675E</string>
				<string>750316F9192BDF190061675E</string>
				<string>D733571A192CF3D900E3AC90</string>
				<string>750316C3192BDEE60061675E</string>
				<string>750316F7192BDF040061675E</string>
				<string>750316BF192BDEE60061675E</string>
				<string>27E4F4F57D1640E6A1D68340</string>
			</array>
			<key>isa</key>
			<string>PBXFrameworksBuildPhase</string>
			<key>runOnlyForDeploymentPostprocessing</key>
			<string>0</string>
		</dict>
		<key>750316B9192BDEE60061675E</key>
		<dict>
			<key>buildActionMask</key>
			<string>2147483647</string>
			<key>files</key>
			<array>
				<string>7503170B192BF3880061675E</string>
				<string>750316DA192BDEE60061675E</string>
				<string>750316C9192BDEE60061675E</string>
				<string>750316D2192BDEE60061675E</string>
			</array>
			<key>isa</key>
			<string>PBXResourcesBuildPhase</string>
			<key>runOnlyForDeploymentPostprocessing</key>
			<string>0</string>
		</dict>
		<key>750316BA192BDEE60061675E</key>
		<dict>
			<key>buildConfigurationList</key>
			<string>750316F0192BDEE60061675E</string>
			<key>buildPhases</key>
			<array>
				<string>9C51E58DFA754A4DA4030E13</string>
				<string>750316B7192BDEE60061675E</string>
				<string>750316B8192BDEE60061675E</string>
				<string>750316B9192BDEE60061675E</string>
				<string>0CFECAF9DE754080B858A501</string>
			</array>
			<key>buildRules</key>
			<array/>
			<key>dependencies</key>
			<array/>
			<key>isa</key>
			<string>PBXNativeTarget</string>
			<key>name</key>
			<string>Onesie</string>
			<key>productName</key>
			<string>Onesie</string>
			<key>productReference</key>
			<string>750316BB192BDEE60061675E</string>
			<key>productType</key>
			<string>com.apple.product-type.application</string>
		</dict>
		<key>750316BB192BDEE60061675E</key>
		<dict>
			<key>explicitFileType</key>
			<string>wrapper.application</string>
			<key>includeInIndex</key>
			<string>0</string>
			<key>isa</key>
			<string>PBXFileReference</string>
			<key>path</key>
			<string>Onesie.app</string>
			<key>sourceTree</key>
			<string>BUILT_PRODUCTS_DIR</string>
		</dict>
		<key>750316BC192BDEE60061675E</key>
		<dict>
			<key>children</key>
			<array>
				<string>750316BB192BDEE60061675E</string>
				<string>750316DF192BDEE60061675E</string>
			</array>
			<key>isa</key>
			<string>PBXGroup</string>
			<key>name</key>
			<string>Products</string>
			<key>sourceTree</key>
			<string>&lt;group&gt;</string>
		</dict>
		<key>750316BD192BDEE60061675E</key>
		<dict>
			<key>children</key>
			<array>
				<string>D7335719192CF3D900E3AC90</string>
				<string>75031708192BDF5A0061675E</string>
				<string>75031706192BDF490061675E</string>
				<string>75031704192BDF3D0061675E</string>
				<string>75031702192BDF370061675E</string>
				<string>75031700192BDF310061675E</string>
				<string>750316FE192BDF240061675E</string>
				<string>750316FC192BDF200061675E</string>
				<string>750316FA192BDF1D0061675E</string>
				<string>750316F8192BDF190061675E</string>
				<string>750316F6192BDF040061675E</string>
				<string>750316BE192BDEE60061675E</string>
				<string>750316C0192BDEE60061675E</string>
				<string>750316C2192BDEE60061675E</string>
				<string>750316E0192BDEE60061675E</string>
				<string>7CF37704B78E4416BD2AD0DE</string>
			</array>
			<key>isa</key>
			<string>PBXGroup</string>
			<key>name</key>
			<string>Frameworks</string>
			<key>sourceTree</key>
			<string>&lt;group&gt;</string>
		</dict>
		<key>750316BE192BDEE60061675E</key>
		<dict>
			<key>isa</key>
			<string>PBXFileReference</string>
			<key>lastKnownFileType</key>
			<string>wrapper.framework</string>
			<key>name</key>
			<string>Foundation.framework</string>
			<key>path</key>
			<string>System/Library/Frameworks/Foundation.framework</string>
			<key>sourceTree</key>
			<string>SDKROOT</string>
		</dict>
		<key>750316BF192BDEE60061675E</key>
		<dict>
			<key>fileRef</key>
			<string>750316BE192BDEE60061675E</string>
			<key>isa</key>
			<string>PBXBuildFile</string>
		</dict>
		<key>750316C0192BDEE60061675E</key>
		<dict>
			<key>isa</key>
			<string>PBXFileReference</string>
			<key>lastKnownFileType</key>
			<string>wrapper.framework</string>
			<key>name</key>
			<string>CoreGraphics.framework</string>
			<key>path</key>
			<string>System/Library/Frameworks/CoreGraphics.framework</string>
			<key>sourceTree</key>
			<string>SDKROOT</string>
		</dict>
		<key>750316C1192BDEE60061675E</key>
		<dict>
			<key>fileRef</key>
			<string>750316C0192BDEE60061675E</string>
			<key>isa</key>
			<string>PBXBuildFile</string>
		</dict>
		<key>750316C2192BDEE60061675E</key>
		<dict>
			<key>isa</key>
			<string>PBXFileReference</string>
			<key>lastKnownFileType</key>
			<string>wrapper.framework</string>
			<key>name</key>
			<string>UIKit.framework</string>
			<key>path</key>
			<string>System/Library/Frameworks/UIKit.framework</string>
			<key>sourceTree</key>
			<string>SDKROOT</string>
		</dict>
		<key>750316C3192BDEE60061675E</key>
		<dict>
			<key>fileRef</key>
			<string>750316C2192BDEE60061675E</string>
			<key>isa</key>
			<string>PBXBuildFile</string>
		</dict>
		<key>750316C4192BDEE60061675E</key>
		<dict>
			<key>children</key>
			<array>
				<string>750316CD192BDEE60061675E</string>
				<string>750316CE192BDEE60061675E</string>
				<string>750316D0192BDEE60061675E</string>
				<string>750316D3192BDEE60061675E</string>
				<string>750316D4192BDEE60061675E</string>
				<string>750316D6192BDEE60061675E</string>
				<string>750316D7192BDEE60061675E</string>
				<string>750316D9192BDEE60061675E</string>
				<string>750316C5192BDEE60061675E</string>
			</array>
			<key>isa</key>
			<string>PBXGroup</string>
			<key>path</key>
			<string>Onesie</string>
			<key>sourceTree</key>
			<string>&lt;group&gt;</string>
		</dict>
		<key>750316C5192BDEE60061675E</key>
		<dict>
			<key>children</key>
			<array>
				<string>750316C6192BDEE60061675E</string>
				<string>750316C7192BDEE60061675E</string>
				<string>750316CA192BDEE60061675E</string>
				<string>750316CC192BDEE60061675E</string>
			</array>
			<key>isa</key>
			<string>PBXGroup</string>
			<key>name</key>
			<string>Supporting Files</string>
			<key>sourceTree</key>
			<string>&lt;group&gt;</string>
		</dict>
		<key>750316C6192BDEE60061675E</key>
		<dict>
			<key>isa</key>
			<string>PBXFileReference</string>
			<key>lastKnownFileType</key>
			<string>text.plist.xml</string>
			<key>path</key>
			<string>Onesie-Info.plist</string>
			<key>sourceTree</key>
			<string>&lt;group&gt;</string>
		</dict>
		<key>750316C7192BDEE60061675E</key>
		<dict>
			<key>children</key>
			<array>
				<string>750316C8192BDEE60061675E</string>
			</array>
			<key>isa</key>
			<string>PBXVariantGroup</string>
			<key>name</key>
			<string>InfoPlist.strings</string>
			<key>sourceTree</key>
			<string>&lt;group&gt;</string>
		</dict>
		<key>750316C8192BDEE60061675E</key>
		<dict>
			<key>isa</key>
			<string>PBXFileReference</string>
			<key>lastKnownFileType</key>
			<string>text.plist.strings</string>
			<key>name</key>
			<string>en</string>
			<key>path</key>
			<string>en.lproj/InfoPlist.strings</string>
			<key>sourceTree</key>
			<string>&lt;group&gt;</string>
		</dict>
		<key>750316C9192BDEE60061675E</key>
		<dict>
			<key>fileRef</key>
			<string>750316C7192BDEE60061675E</string>
			<key>isa</key>
			<string>PBXBuildFile</string>
		</dict>
		<key>750316CA192BDEE60061675E</key>
		<dict>
			<key>isa</key>
			<string>PBXFileReference</string>
			<key>lastKnownFileType</key>
			<string>sourcecode.c.objc</string>
			<key>path</key>
			<string>main.m</string>
			<key>sourceTree</key>
			<string>&lt;group&gt;</string>
		</dict>
		<key>750316CB192BDEE60061675E</key>
		<dict>
			<key>fileRef</key>
			<string>750316CA192BDEE60061675E</string>
			<key>isa</key>
			<string>PBXBuildFile</string>
		</dict>
		<key>750316CC192BDEE60061675E</key>
		<dict>
			<key>isa</key>
			<string>PBXFileReference</string>
			<key>lastKnownFileType</key>
			<string>sourcecode.c.h</string>
			<key>path</key>
			<string>Onesie-Prefix.pch</string>
			<key>sourceTree</key>
			<string>&lt;group&gt;</string>
		</dict>
		<key>750316CD192BDEE60061675E</key>
		<dict>
			<key>isa</key>
			<string>PBXFileReference</string>
			<key>lastKnownFileType</key>
			<string>sourcecode.c.h</string>
			<key>path</key>
			<string>AppDelegate.h</string>
			<key>sourceTree</key>
			<string>&lt;group&gt;</string>
		</dict>
		<key>750316CE192BDEE60061675E</key>
		<dict>
			<key>isa</key>
			<string>PBXFileReference</string>
			<key>lastKnownFileType</key>
			<string>sourcecode.c.objc</string>
			<key>path</key>
			<string>AppDelegate.m</string>
			<key>sourceTree</key>
			<string>&lt;group&gt;</string>
		</dict>
		<key>750316CF192BDEE60061675E</key>
		<dict>
			<key>fileRef</key>
			<string>750316CE192BDEE60061675E</string>
			<key>isa</key>
			<string>PBXBuildFile</string>
		</dict>
		<key>750316D0192BDEE60061675E</key>
		<dict>
			<key>children</key>
			<array>
				<string>750316D1192BDEE60061675E</string>
			</array>
			<key>isa</key>
			<string>PBXVariantGroup</string>
			<key>name</key>
			<string>Main.storyboard</string>
			<key>sourceTree</key>
			<string>&lt;group&gt;</string>
		</dict>
		<key>750316D1192BDEE60061675E</key>
		<dict>
			<key>isa</key>
			<string>PBXFileReference</string>
			<key>lastKnownFileType</key>
			<string>file.storyboard</string>
			<key>name</key>
			<string>Base</string>
			<key>path</key>
			<string>Base.lproj/Main.storyboard</string>
			<key>sourceTree</key>
			<string>&lt;group&gt;</string>
		</dict>
		<key>750316D2192BDEE60061675E</key>
		<dict>
			<key>fileRef</key>
			<string>750316D0192BDEE60061675E</string>
			<key>isa</key>
			<string>PBXBuildFile</string>
		</dict>
		<key>750316D3192BDEE60061675E</key>
		<dict>
			<key>isa</key>
			<string>PBXFileReference</string>
			<key>lastKnownFileType</key>
			<string>sourcecode.c.h</string>
			<key>path</key>
			<string>MasterViewController.h</string>
			<key>sourceTree</key>
			<string>&lt;group&gt;</string>
		</dict>
		<key>750316D4192BDEE60061675E</key>
		<dict>
			<key>isa</key>
			<string>PBXFileReference</string>
			<key>lastKnownFileType</key>
			<string>sourcecode.c.objc</string>
			<key>path</key>
			<string>MasterViewController.m</string>
			<key>sourceTree</key>
			<string>&lt;group&gt;</string>
		</dict>
		<key>750316D5192BDEE60061675E</key>
		<dict>
			<key>fileRef</key>
			<string>750316D4192BDEE60061675E</string>
			<key>isa</key>
			<string>PBXBuildFile</string>
		</dict>
		<key>750316D6192BDEE60061675E</key>
		<dict>
			<key>isa</key>
			<string>PBXFileReference</string>
			<key>lastKnownFileType</key>
			<string>sourcecode.c.h</string>
			<key>path</key>
			<string>DetailViewController.h</string>
			<key>sourceTree</key>
			<string>&lt;group&gt;</string>
		</dict>
		<key>750316D7192BDEE60061675E</key>
		<dict>
			<key>isa</key>
			<string>PBXFileReference</string>
			<key>lastKnownFileType</key>
			<string>sourcecode.c.objc</string>
			<key>path</key>
			<string>DetailViewController.m</string>
			<key>sourceTree</key>
			<string>&lt;group&gt;</string>
		</dict>
		<key>750316D8192BDEE60061675E</key>
		<dict>
			<key>fileRef</key>
			<string>750316D7192BDEE60061675E</string>
			<key>isa</key>
			<string>PBXBuildFile</string>
		</dict>
		<key>750316D9192BDEE60061675E</key>
		<dict>
			<key>isa</key>
			<string>PBXFileReference</string>
			<key>lastKnownFileType</key>
			<string>folder.assetcatalog</string>
			<key>path</key>
			<string>Images.xcassets</string>
			<key>sourceTree</key>
			<string>&lt;group&gt;</string>
		</dict>
		<key>750316DA192BDEE60061675E</key>
		<dict>
			<key>fileRef</key>
			<string>750316D9192BDEE60061675E</string>
			<key>isa</key>
			<string>PBXBuildFile</string>
		</dict>
		<key>750316DB192BDEE60061675E</key>
		<dict>
			<key>buildActionMask</key>
			<string>2147483647</string>
			<key>files</key>
			<array>
				<string>750316ED192BDEE60061675E</string>
			</array>
			<key>isa</key>
			<string>PBXSourcesBuildPhase</string>
			<key>runOnlyForDeploymentPostprocessing</key>
			<string>0</string>
		</dict>
		<key>750316DC192BDEE60061675E</key>
		<dict>
			<key>buildActionMask</key>
			<string>2147483647</string>
			<key>files</key>
			<array>
				<string>750316E1192BDEE60061675E</string>
				<string>750316E3192BDEE60061675E</string>
				<string>750316E2192BDEE60061675E</string>
			</array>
			<key>isa</key>
			<string>PBXFrameworksBuildPhase</string>
			<key>runOnlyForDeploymentPostprocessing</key>
			<string>0</string>
		</dict>
		<key>750316DD192BDEE60061675E</key>
		<dict>
			<key>buildActionMask</key>
			<string>2147483647</string>
			<key>files</key>
			<array>
				<string>750316EB192BDEE60061675E</string>
			</array>
			<key>isa</key>
			<string>PBXResourcesBuildPhase</string>
			<key>runOnlyForDeploymentPostprocessing</key>
			<string>0</string>
		</dict>
		<key>750316DE192BDEE60061675E</key>
		<dict>
			<key>buildConfigurationList</key>
			<string>750316F3192BDEE60061675E</string>
			<key>buildPhases</key>
			<array>
				<string>750316DB192BDEE60061675E</string>
				<string>750316DC192BDEE60061675E</string>
				<string>750316DD192BDEE60061675E</string>
			</array>
			<key>buildRules</key>
			<array/>
			<key>dependencies</key>
			<array>
				<string>750316E5192BDEE60061675E</string>
			</array>
			<key>isa</key>
			<string>PBXNativeTarget</string>
			<key>name</key>
			<string>OnesieTests</string>
			<key>productName</key>
			<string>OnesieTests</string>
			<key>productReference</key>
			<string>750316DF192BDEE60061675E</string>
			<key>productType</key>
			<string>com.apple.product-type.bundle.unit-test</string>
		</dict>
		<key>750316DF192BDEE60061675E</key>
		<dict>
			<key>explicitFileType</key>
			<string>wrapper.cfbundle</string>
			<key>includeInIndex</key>
			<string>0</string>
			<key>isa</key>
			<string>PBXFileReference</string>
			<key>path</key>
			<string>OnesieTests.xctest</string>
			<key>sourceTree</key>
			<string>BUILT_PRODUCTS_DIR</string>
		</dict>
		<key>750316E0192BDEE60061675E</key>
		<dict>
			<key>isa</key>
			<string>PBXFileReference</string>
			<key>lastKnownFileType</key>
			<string>wrapper.framework</string>
			<key>name</key>
			<string>XCTest.framework</string>
			<key>path</key>
			<string>Library/Frameworks/XCTest.framework</string>
			<key>sourceTree</key>
			<string>DEVELOPER_DIR</string>
		</dict>
		<key>750316E1192BDEE60061675E</key>
		<dict>
			<key>fileRef</key>
			<string>750316E0192BDEE60061675E</string>
			<key>isa</key>
			<string>PBXBuildFile</string>
		</dict>
		<key>750316E2192BDEE60061675E</key>
		<dict>
			<key>fileRef</key>
			<string>750316BE192BDEE60061675E</string>
			<key>isa</key>
			<string>PBXBuildFile</string>
		</dict>
		<key>750316E3192BDEE60061675E</key>
		<dict>
			<key>fileRef</key>
			<string>750316C2192BDEE60061675E</string>
			<key>isa</key>
			<string>PBXBuildFile</string>
		</dict>
		<key>750316E4192BDEE60061675E</key>
		<dict>
			<key>containerPortal</key>
			<string>750316B3192BDEE60061675E</string>
			<key>isa</key>
			<string>PBXContainerItemProxy</string>
			<key>proxyType</key>
			<string>1</string>
			<key>remoteGlobalIDString</key>
			<string>750316BA192BDEE60061675E</string>
			<key>remoteInfo</key>
			<string>Onesie</string>
		</dict>
		<key>750316E5192BDEE60061675E</key>
		<dict>
			<key>isa</key>
			<string>PBXTargetDependency</string>
			<key>target</key>
			<string>750316BA192BDEE60061675E</string>
			<key>targetProxy</key>
			<string>750316E4192BDEE60061675E</string>
		</dict>
		<key>750316E6192BDEE60061675E</key>
		<dict>
			<key>children</key>
			<array>
				<string>750316EC192BDEE60061675E</string>
				<string>750316E7192BDEE60061675E</string>
			</array>
			<key>isa</key>
			<string>PBXGroup</string>
			<key>path</key>
			<string>OnesieTests</string>
			<key>sourceTree</key>
			<string>&lt;group&gt;</string>
		</dict>
		<key>750316E7192BDEE60061675E</key>
		<dict>
			<key>children</key>
			<array>
				<string>750316E8192BDEE60061675E</string>
				<string>750316E9192BDEE60061675E</string>
			</array>
			<key>isa</key>
			<string>PBXGroup</string>
			<key>name</key>
			<string>Supporting Files</string>
			<key>sourceTree</key>
			<string>&lt;group&gt;</string>
		</dict>
		<key>750316E8192BDEE60061675E</key>
		<dict>
			<key>isa</key>
			<string>PBXFileReference</string>
			<key>lastKnownFileType</key>
			<string>text.plist.xml</string>
			<key>path</key>
			<string>OnesieTests-Info.plist</string>
			<key>sourceTree</key>
			<string>&lt;group&gt;</string>
		</dict>
		<key>750316E9192BDEE60061675E</key>
		<dict>
			<key>children</key>
			<array>
				<string>750316EA192BDEE60061675E</string>
			</array>
			<key>isa</key>
			<string>PBXVariantGroup</string>
			<key>name</key>
			<string>InfoPlist.strings</string>
			<key>sourceTree</key>
			<string>&lt;group&gt;</string>
		</dict>
		<key>750316EA192BDEE60061675E</key>
		<dict>
			<key>isa</key>
			<string>PBXFileReference</string>
			<key>lastKnownFileType</key>
			<string>text.plist.strings</string>
			<key>name</key>
			<string>en</string>
			<key>path</key>
			<string>en.lproj/InfoPlist.strings</string>
			<key>sourceTree</key>
			<string>&lt;group&gt;</string>
		</dict>
		<key>750316EB192BDEE60061675E</key>
		<dict>
			<key>fileRef</key>
			<string>750316E9192BDEE60061675E</string>
			<key>isa</key>
			<string>PBXBuildFile</string>
		</dict>
		<key>750316EC192BDEE60061675E</key>
		<dict>
			<key>isa</key>
			<string>PBXFileReference</string>
			<key>lastKnownFileType</key>
			<string>sourcecode.c.objc</string>
			<key>path</key>
			<string>OnesieTests.m</string>
			<key>sourceTree</key>
			<string>&lt;group&gt;</string>
		</dict>
		<key>750316ED192BDEE60061675E</key>
		<dict>
			<key>fileRef</key>
			<string>750316EC192BDEE60061675E</string>
			<key>isa</key>
			<string>PBXBuildFile</string>
		</dict>
		<key>750316EE192BDEE60061675E</key>
		<dict>
			<key>buildSettings</key>
			<dict>
				<key>ALWAYS_SEARCH_USER_PATHS</key>
				<string>NO</string>
				<key>CLANG_CXX_LANGUAGE_STANDARD</key>
				<string>gnu++0x</string>
				<key>CLANG_CXX_LIBRARY</key>
				<string>libc++</string>
				<key>CLANG_ENABLE_MODULES</key>
				<string>YES</string>
				<key>CLANG_ENABLE_OBJC_ARC</key>
				<string>YES</string>
				<key>CLANG_WARN_BOOL_CONVERSION</key>
				<string>YES</string>
				<key>CLANG_WARN_CONSTANT_CONVERSION</key>
				<string>YES</string>
				<key>CLANG_WARN_DIRECT_OBJC_ISA_USAGE</key>
				<string>YES_ERROR</string>
				<key>CLANG_WARN_EMPTY_BODY</key>
				<string>YES</string>
				<key>CLANG_WARN_ENUM_CONVERSION</key>
				<string>YES</string>
				<key>CLANG_WARN_INT_CONVERSION</key>
				<string>YES</string>
				<key>CLANG_WARN_OBJC_ROOT_CLASS</key>
				<string>YES_ERROR</string>
				<key>CLANG_WARN__DUPLICATE_METHOD_MATCH</key>
				<string>YES</string>
				<key>CODE_SIGN_IDENTITY[sdk=iphoneos*]</key>
				<string>iPhone Developer</string>
				<key>COPY_PHASE_STRIP</key>
				<string>NO</string>
				<key>GCC_C_LANGUAGE_STANDARD</key>
				<string>gnu99</string>
				<key>GCC_DYNAMIC_NO_PIC</key>
				<string>NO</string>
				<key>GCC_OPTIMIZATION_LEVEL</key>
				<string>0</string>
				<key>GCC_PREPROCESSOR_DEFINITIONS</key>
				<array>
					<string>DEBUG=1</string>
					<string>$(inherited)</string>
				</array>
				<key>GCC_SYMBOLS_PRIVATE_EXTERN</key>
				<string>NO</string>
				<key>GCC_WARN_64_TO_32_BIT_CONVERSION</key>
				<string>YES</string>
				<key>GCC_WARN_ABOUT_RETURN_TYPE</key>
				<string>YES_ERROR</string>
				<key>GCC_WARN_UNDECLARED_SELECTOR</key>
				<string>YES</string>
				<key>GCC_WARN_UNINITIALIZED_AUTOS</key>
				<string>YES_AGGRESSIVE</string>
				<key>GCC_WARN_UNUSED_FUNCTION</key>
				<string>YES</string>
				<key>GCC_WARN_UNUSED_VARIABLE</key>
				<string>YES</string>
				<key>IPHONEOS_DEPLOYMENT_TARGET</key>
				<string>7.1</string>
				<key>ONLY_ACTIVE_ARCH</key>
				<string>YES</string>
				<key>SDKROOT</key>
				<string>iphoneos</string>
			</dict>
			<key>isa</key>
			<string>XCBuildConfiguration</string>
			<key>name</key>
			<string>Debug</string>
		</dict>
		<key>750316EF192BDEE60061675E</key>
		<dict>
			<key>buildSettings</key>
			<dict>
				<key>ALWAYS_SEARCH_USER_PATHS</key>
				<string>NO</string>
				<key>CLANG_CXX_LANGUAGE_STANDARD</key>
				<string>gnu++0x</string>
				<key>CLANG_CXX_LIBRARY</key>
				<string>libc++</string>
				<key>CLANG_ENABLE_MODULES</key>
				<string>YES</string>
				<key>CLANG_ENABLE_OBJC_ARC</key>
				<string>YES</string>
				<key>CLANG_WARN_BOOL_CONVERSION</key>
				<string>YES</string>
				<key>CLANG_WARN_CONSTANT_CONVERSION</key>
				<string>YES</string>
				<key>CLANG_WARN_DIRECT_OBJC_ISA_USAGE</key>
				<string>YES_ERROR</string>
				<key>CLANG_WARN_EMPTY_BODY</key>
				<string>YES</string>
				<key>CLANG_WARN_ENUM_CONVERSION</key>
				<string>YES</string>
				<key>CLANG_WARN_INT_CONVERSION</key>
				<string>YES</string>
				<key>CLANG_WARN_OBJC_ROOT_CLASS</key>
				<string>YES_ERROR</string>
				<key>CLANG_WARN__DUPLICATE_METHOD_MATCH</key>
				<string>YES</string>
				<key>CODE_SIGN_IDENTITY[sdk=iphoneos*]</key>
				<string>iPhone Developer</string>
				<key>COPY_PHASE_STRIP</key>
				<string>YES</string>
				<key>ENABLE_NS_ASSERTIONS</key>
				<string>NO</string>
				<key>GCC_C_LANGUAGE_STANDARD</key>
				<string>gnu99</string>
				<key>GCC_WARN_64_TO_32_BIT_CONVERSION</key>
				<string>YES</string>
				<key>GCC_WARN_ABOUT_RETURN_TYPE</key>
				<string>YES_ERROR</string>
				<key>GCC_WARN_UNDECLARED_SELECTOR</key>
				<string>YES</string>
				<key>GCC_WARN_UNINITIALIZED_AUTOS</key>
				<string>YES_AGGRESSIVE</string>
				<key>GCC_WARN_UNUSED_FUNCTION</key>
				<string>YES</string>
				<key>GCC_WARN_UNUSED_VARIABLE</key>
				<string>YES</string>
				<key>IPHONEOS_DEPLOYMENT_TARGET</key>
				<string>7.1</string>
				<key>SDKROOT</key>
				<string>iphoneos</string>
				<key>VALIDATE_PRODUCT</key>
				<string>YES</string>
			</dict>
			<key>isa</key>
			<string>XCBuildConfiguration</string>
			<key>name</key>
			<string>Release</string>
		</dict>
		<key>750316F0192BDEE60061675E</key>
		<dict>
			<key>buildConfigurations</key>
			<array>
				<string>750316F1192BDEE60061675E</string>
				<string>750316F2192BDEE60061675E</string>
			</array>
			<key>defaultConfigurationIsVisible</key>
			<string>0</string>
			<key>defaultConfigurationName</key>
			<string>Release</string>
			<key>isa</key>
			<string>XCConfigurationList</string>
		</dict>
		<key>750316F1192BDEE60061675E</key>
		<dict>
			<key>baseConfigurationReference</key>
			<string>D0620F42D5154FADB0719C45</string>
			<key>buildSettings</key>
			<dict>
				<key>ASSETCATALOG_COMPILER_APPICON_NAME</key>
				<string>AppIcon</string>
				<key>ASSETCATALOG_COMPILER_LAUNCHIMAGE_NAME</key>
				<string>LaunchImage</string>
				<key>CODE_SIGN_IDENTITY</key>
				<string>iPhone Developer: Nuseir Yassin (H568QS9C8Y)</string>
				<key>FRAMEWORK_SEARCH_PATHS</key>
				<array>
					<string>$(inherited)</string>
					<string>/Users/nyassin/Downloads</string>
					<string>$(PROJECT_DIR)</string>
				</array>
				<key>GCC_PRECOMPILE_PREFIX_HEADER</key>
				<string>YES</string>
				<key>GCC_PREFIX_HEADER</key>
				<string>Onesie/Onesie-Prefix.pch</string>
				<key>INFOPLIST_FILE</key>
				<string>Onesie/Onesie-Info.plist</string>
				<key>PRODUCT_NAME</key>
				<string>$(TARGET_NAME)</string>
				<key>WRAPPER_EXTENSION</key>
				<string>app</string>
			</dict>
			<key>isa</key>
			<string>XCBuildConfiguration</string>
			<key>name</key>
			<string>Debug</string>
		</dict>
		<key>750316F2192BDEE60061675E</key>
		<dict>
			<key>baseConfigurationReference</key>
			<string>D0620F42D5154FADB0719C45</string>
			<key>buildSettings</key>
			<dict>
				<key>ASSETCATALOG_COMPILER_APPICON_NAME</key>
				<string>AppIcon</string>
				<key>ASSETCATALOG_COMPILER_LAUNCHIMAGE_NAME</key>
				<string>LaunchImage</string>
				<key>CODE_SIGN_IDENTITY</key>
				<string>iPhone Developer: Nuseir Yassin (H568QS9C8Y)</string>
				<key>FRAMEWORK_SEARCH_PATHS</key>
				<array>
					<string>$(inherited)</string>
					<string>/Users/nyassin/Downloads</string>
					<string>$(PROJECT_DIR)</string>
				</array>
				<key>GCC_PRECOMPILE_PREFIX_HEADER</key>
				<string>YES</string>
				<key>GCC_PREFIX_HEADER</key>
				<string>Onesie/Onesie-Prefix.pch</string>
				<key>INFOPLIST_FILE</key>
				<string>Onesie/Onesie-Info.plist</string>
				<key>PRODUCT_NAME</key>
				<string>$(TARGET_NAME)</string>
				<key>WRAPPER_EXTENSION</key>
				<string>app</string>
			</dict>
			<key>isa</key>
			<string>XCBuildConfiguration</string>
			<key>name</key>
			<string>Release</string>
		</dict>
		<key>750316F3192BDEE60061675E</key>
		<dict>
			<key>buildConfigurations</key>
			<array>
				<string>750316F4192BDEE60061675E</string>
				<string>750316F5192BDEE60061675E</string>
			</array>
			<key>defaultConfigurationIsVisible</key>
			<string>0</string>
			<key>defaultConfigurationName</key>
			<string>Release</string>
			<key>isa</key>
			<string>XCConfigurationList</string>
		</dict>
		<key>750316F4192BDEE60061675E</key>
		<dict>
			<key>buildSettings</key>
			<dict>
				<key>BUNDLE_LOADER</key>
				<string>$(BUILT_PRODUCTS_DIR)/Onesie.app/Onesie</string>
				<key>FRAMEWORK_SEARCH_PATHS</key>
				<array>
					<string>$(SDKROOT)/Developer/Library/Frameworks</string>
					<string>$(inherited)</string>
					<string>$(DEVELOPER_FRAMEWORKS_DIR)</string>
				</array>
				<key>GCC_PRECOMPILE_PREFIX_HEADER</key>
				<string>YES</string>
				<key>GCC_PREFIX_HEADER</key>
				<string>Onesie/Onesie-Prefix.pch</string>
				<key>GCC_PREPROCESSOR_DEFINITIONS</key>
				<array>
					<string>DEBUG=1</string>
					<string>$(inherited)</string>
				</array>
				<key>INFOPLIST_FILE</key>
				<string>OnesieTests/OnesieTests-Info.plist</string>
				<key>PRODUCT_NAME</key>
				<string>$(TARGET_NAME)</string>
				<key>TEST_HOST</key>
				<string>$(BUNDLE_LOADER)</string>
				<key>WRAPPER_EXTENSION</key>
				<string>xctest</string>
			</dict>
			<key>isa</key>
			<string>XCBuildConfiguration</string>
			<key>name</key>
			<string>Debug</string>
		</dict>
		<key>750316F5192BDEE60061675E</key>
		<dict>
			<key>buildSettings</key>
			<dict>
				<key>BUNDLE_LOADER</key>
				<string>$(BUILT_PRODUCTS_DIR)/Onesie.app/Onesie</string>
				<key>FRAMEWORK_SEARCH_PATHS</key>
				<array>
					<string>$(SDKROOT)/Developer/Library/Frameworks</string>
					<string>$(inherited)</string>
					<string>$(DEVELOPER_FRAMEWORKS_DIR)</string>
				</array>
				<key>GCC_PRECOMPILE_PREFIX_HEADER</key>
				<string>YES</string>
				<key>GCC_PREFIX_HEADER</key>
				<string>Onesie/Onesie-Prefix.pch</string>
				<key>INFOPLIST_FILE</key>
				<string>OnesieTests/OnesieTests-Info.plist</string>
				<key>PRODUCT_NAME</key>
				<string>$(TARGET_NAME)</string>
				<key>TEST_HOST</key>
				<string>$(BUNDLE_LOADER)</string>
				<key>WRAPPER_EXTENSION</key>
				<string>xctest</string>
			</dict>
			<key>isa</key>
			<string>XCBuildConfiguration</string>
			<key>name</key>
			<string>Release</string>
		</dict>
		<key>750316F6192BDF040061675E</key>
		<dict>
			<key>isa</key>
			<string>PBXFileReference</string>
			<key>lastKnownFileType</key>
			<string>wrapper.framework</string>
			<key>name</key>
			<string>Parse.framework</string>
			<key>path</key>
			<string>../../Downloads/Parse.framework</string>
			<key>sourceTree</key>
			<string>&lt;group&gt;</string>
		</dict>
		<key>750316F7192BDF040061675E</key>
		<dict>
			<key>fileRef</key>
			<string>750316F6192BDF040061675E</string>
			<key>isa</key>
			<string>PBXBuildFile</string>
		</dict>
		<key>750316F8192BDF190061675E</key>
		<dict>
			<key>isa</key>
			<string>PBXFileReference</string>
			<key>lastKnownFileType</key>
			<string>wrapper.framework</string>
			<key>name</key>
			<string>AudioToolbox.framework</string>
			<key>path</key>
			<string>System/Library/Frameworks/AudioToolbox.framework</string>
			<key>sourceTree</key>
			<string>SDKROOT</string>
		</dict>
		<key>750316F9192BDF190061675E</key>
		<dict>
			<key>fileRef</key>
			<string>750316F8192BDF190061675E</string>
			<key>isa</key>
			<string>PBXBuildFile</string>
		</dict>
		<key>750316FA192BDF1D0061675E</key>
		<dict>
			<key>isa</key>
			<string>PBXFileReference</string>
			<key>lastKnownFileType</key>
			<string>wrapper.framework</string>
			<key>name</key>
			<string>Social.framework</string>
			<key>path</key>
			<string>System/Library/Frameworks/Social.framework</string>
			<key>sourceTree</key>
			<string>SDKROOT</string>
		</dict>
		<key>750316FB192BDF1D0061675E</key>
		<dict>
			<key>fileRef</key>
			<string>750316FA192BDF1D0061675E</string>
			<key>isa</key>
			<string>PBXBuildFile</string>
		</dict>
		<key>750316FC192BDF200061675E</key>
		<dict>
			<key>isa</key>
			<string>PBXFileReference</string>
			<key>lastKnownFileType</key>
			<string>wrapper.framework</string>
			<key>name</key>
			<string>CFNetwork.framework</string>
			<key>path</key>
			<string>System/Library/Frameworks/CFNetwork.framework</string>
			<key>sourceTree</key>
			<string>SDKROOT</string>
		</dict>
		<key>750316FD192BDF200061675E</key>
		<dict>
			<key>fileRef</key>
			<string>750316FC192BDF200061675E</string>
			<key>isa</key>
			<string>PBXBuildFile</string>
		</dict>
		<key>750316FE192BDF240061675E</key>
		<dict>
			<key>isa</key>
			<string>PBXFileReference</string>
			<key>lastKnownFileType</key>
			<string>compiled.mach-o.dylib</string>
			<key>name</key>
			<string>libz.dylib</string>
			<key>path</key>
			<string>usr/lib/libz.dylib</string>
			<key>sourceTree</key>
			<string>SDKROOT</string>
		</dict>
		<key>750316FF192BDF240061675E</key>
		<dict>
			<key>fileRef</key>
			<string>750316FE192BDF240061675E</string>
			<key>isa</key>
			<string>PBXBuildFile</string>
		</dict>
		<key>75031700192BDF310061675E</key>
		<dict>
			<key>isa</key>
			<string>PBXFileReference</string>
			<key>lastKnownFileType</key>
			<string>wrapper.framework</string>
			<key>name</key>
			<string>CoreLocation.framework</string>
			<key>path</key>
			<string>System/Library/Frameworks/CoreLocation.framework</string>
			<key>sourceTree</key>
			<string>SDKROOT</string>
		</dict>
		<key>75031701192BDF310061675E</key>
		<dict>
			<key>fileRef</key>
			<string>75031700192BDF310061675E</string>
			<key>isa</key>
			<string>PBXBuildFile</string>
		</dict>
		<key>75031702192BDF370061675E</key>
		<dict>
			<key>isa</key>
			<string>PBXFileReference</string>
			<key>lastKnownFileType</key>
			<string>wrapper.framework</string>
			<key>name</key>
			<string>Accounts.framework</string>
			<key>path</key>
			<string>System/Library/Frameworks/Accounts.framework</string>
			<key>sourceTree</key>
			<string>SDKROOT</string>
		</dict>
		<key>75031703192BDF370061675E</key>
		<dict>
			<key>fileRef</key>
			<string>75031702192BDF370061675E</string>
			<key>isa</key>
			<string>PBXBuildFile</string>
		</dict>
		<key>75031704192BDF3D0061675E</key>
		<dict>
			<key>isa</key>
			<string>PBXFileReference</string>
			<key>lastKnownFileType</key>
			<string>wrapper.framework</string>
			<key>name</key>
			<string>SystemConfiguration.framework</string>
			<key>path</key>
			<string>System/Library/Frameworks/SystemConfiguration.framework</string>
			<key>sourceTree</key>
			<string>SDKROOT</string>
		</dict>
		<key>75031705192BDF3D0061675E</key>
		<dict>
			<key>fileRef</key>
			<string>75031704192BDF3D0061675E</string>
			<key>isa</key>
			<string>PBXBuildFile</string>
		</dict>
		<key>75031706192BDF490061675E</key>
		<dict>
			<key>isa</key>
			<string>PBXFileReference</string>
			<key>lastKnownFileType</key>
			<string>wrapper.framework</string>
			<key>name</key>
			<string>MobileCoreServices.framework</string>
			<key>path</key>
			<string>System/Library/Frameworks/MobileCoreServices.framework</string>
			<key>sourceTree</key>
			<string>SDKROOT</string>
		</dict>
		<key>75031707192BDF490061675E</key>
		<dict>
			<key>fileRef</key>
			<string>75031706192BDF490061675E</string>
			<key>isa</key>
			<string>PBXBuildFile</string>
		</dict>
		<key>75031708192BDF5A0061675E</key>
		<dict>
			<key>isa</key>
			<string>PBXFileReference</string>
			<key>lastKnownFileType</key>
			<string>compiled.mach-o.dylib</string>
			<key>name</key>
			<string>libsqlite3.dylib</string>
			<key>path</key>
			<string>usr/lib/libsqlite3.dylib</string>
			<key>sourceTree</key>
			<string>SDKROOT</string>
		</dict>
		<key>75031709192BDF5A0061675E</key>
		<dict>
			<key>fileRef</key>
			<string>75031708192BDF5A0061675E</string>
			<key>isa</key>
			<string>PBXBuildFile</string>
		</dict>
		<key>7503170A192BF3880061675E</key>
		<dict>
			<key>isa</key>
			<string>PBXFileReference</string>
			<key>lastKnownFileType</key>
			<string>image.jpeg</string>
			<key>path</key>
			<string>onesie.jpg</string>
			<key>sourceTree</key>
			<string>&lt;group&gt;</string>
		</dict>
		<key>7503170B192BF3880061675E</key>
		<dict>
			<key>fileRef</key>
			<string>7503170A192BF3880061675E</string>
			<key>isa</key>
			<string>PBXBuildFile</string>
		</dict>
		<key>7CF37704B78E4416BD2AD0DE</key>
		<dict>
			<key>explicitFileType</key>
			<string>archive.ar</string>
			<key>includeInIndex</key>
			<string>0</string>
			<key>isa</key>
			<string>PBXFileReference</string>
			<key>path</key>
			<string>libPods.a</string>
			<key>sourceTree</key>
			<string>BUILT_PRODUCTS_DIR</string>
		</dict>
		<key>9C51E58DFA754A4DA4030E13</key>
		<dict>
			<key>buildActionMask</key>
			<string>2147483647</string>
			<key>files</key>
			<array/>
			<key>inputPaths</key>
			<array/>
			<key>isa</key>
			<string>PBXShellScriptBuildPhase</string>
			<key>name</key>
			<string>Check Pods Manifest.lock</string>
			<key>outputPaths</key>
			<array/>
			<key>runOnlyForDeploymentPostprocessing</key>
			<string>0</string>
			<key>shellPath</key>
			<string>/bin/sh</string>
			<key>shellScript</key>
			<string>diff "${PODS_ROOT}/../Podfile.lock" "${PODS_ROOT}/Manifest.lock" &gt; /dev/null
if [[ $? != 0 ]] ; then
    cat &lt;&lt; EOM
error: The sandbox is not in sync with the Podfile.lock. Run 'pod install' or update your CocoaPods installation.
EOM
    exit 1
fi
</string>
			<key>showEnvVarsInLog</key>
			<string>0</string>
		</dict>
		<key>D0620F42D5154FADB0719C45</key>
		<dict>
			<key>includeInIndex</key>
			<string>1</string>
			<key>isa</key>
			<string>PBXFileReference</string>
			<key>lastKnownFileType</key>
			<string>text.xcconfig</string>
			<key>name</key>
			<string>Pods.xcconfig</string>
			<key>path</key>
			<string>Pods/Pods.xcconfig</string>
			<key>sourceTree</key>
			<string>&lt;group&gt;</string>
		</dict>
		<key>D7335719192CF3D900E3AC90</key>
		<dict>
			<key>isa</key>
			<string>PBXFileReference</string>
			<key>lastKnownFileType</key>
			<string>wrapper.framework</string>
			<key>path</key>
			<string>Parse.framework</string>
			<key>sourceTree</key>
			<string>&lt;group&gt;</string>
		</dict>
		<key>D733571A192CF3D900E3AC90</key>
		<dict>
			<key>fileRef</key>
			<string>D7335719192CF3D900E3AC90</string>
			<key>isa</key>
			<string>PBXBuildFile</string>
		</dict>
	</dict>
	<key>rootObject</key>
	<string>750316B3192BDEE60061675E</string>
</dict>
</plist>
